
Microsoft Visual Studio Solution File, Format Version 12.00
Project("{FAE04EC0-301F-11D3-BF4B-00C04F79EFBC}") = "CommandExample", "CommandExample\CommandExample.csproj", "{C037C1C4-AA5F-4B42-80E2-65B87DACF7DA}"
EndProject
Global
	GlobalSection(SolutionConfigurationPlatforms) = preSolution
		Debug|Any CPU = Debug|Any CPU
		Release|Any CPU = Release|Any CPU
	EndGlobalSection
	GlobalSection(ProjectConfigurationPlatforms) = postSolution
		{C037C1C4-AA5F-4B42-80E2-65B87DACF7DA}.Debug|Any CPU.ActiveCfg = Debug|Any CPU
		{C037C1C4-AA5F-4B42-80E2-65B87DACF7DA}.Debug|Any CPU.Build.0 = Debug|Any CPU
		{C037C1C4-AA5F-4B42-80E2-65B87DACF7DA}.Release|Any CPU.ActiveCfg = Release|Any CPU
		{C037C1C4-AA5F-4B42-80E2-65B87DACF7DA}.Release|Any CPU.Build.0 = Release|Any CPU
	EndGlobalSection
EndGlobal
